
Microsoft Visual Studio Solution File, Format Version 12.00
# Visual Studio Version 16
VisualStudioVersion = 16.0.30804.86
MinimumVisualStudioVersion = 10.0.40219.1
Project("{9A19103F-16F7-4668-BE54-9A1E7A4F7556}") = "trifenix.connect.interfaces.db.cosmos", "trifenix.connect.interfaces.db.cosmos.csproj", "{889D4A67-F1A9-4BAF-8B4C-06575996912A}"
EndProject
Global
	GlobalSection(SolutionConfigurationPlatforms) = preSolution
		Debug|Any CPU = Debug|Any CPU
		Release|Any CPU = Release|Any CPU
	EndGlobalSection
	GlobalSection(ProjectConfigurationPlatforms) = postSolution
		{889D4A67-F1A9-4BAF-8B4C-06575996912A}.Debug|Any CPU.ActiveCfg = Debug|Any CPU
		{889D4A67-F1A9-4BAF-8B4C-06575996912A}.Debug|Any CPU.Build.0 = Debug|Any CPU
		{889D4A67-F1A9-4BAF-8B4C-06575996912A}.Release|Any CPU.ActiveCfg = Release|Any CPU
		{889D4A67-F1A9-4BAF-8B4C-06575996912A}.Release|Any CPU.Build.0 = Release|Any CPU
	EndGlobalSection
	GlobalSection(SolutionProperties) = preSolution
		HideSolutionNode = FALSE
	EndGlobalSection
	GlobalSection(ExtensibilityGlobals) = postSolution
		SolutionGuid = {7361178E-728F-4EB6-A764-F7B5FC263E2C}
	EndGlobalSection
EndGlobal
